
Microsoft Visual Studio Solution File, Format Version 12.00
# Visual Studio 14
VisualStudioVersion = 14.0.25420.1
MinimumVisualStudioVersion = 10.0.40219.1
Project("{FAE04EC0-301F-11D3-BF4B-00C04F79EFBC}") = "O1MaxAndInt", "O1MaxAndInt\O1MaxAndInt.csproj", "{C7044973-37B0-40D3-9BFA-3E15DFC3B4F4}"
EndProject
Project("{FAE04EC0-301F-11D3-BF4B-00C04F79EFBC}") = "O1MaxAndIntTests", "O1MaxAndIntTests\O1MaxAndIntTests.csproj", "{EFB1F07E-0198-4BE1-B365-331323408389}"
EndProject
Global
	GlobalSection(SolutionConfigurationPlatforms) = preSolution
		Debug|Any CPU = Debug|Any CPU
		Release|Any CPU = Release|Any CPU
	EndGlobalSection
	GlobalSection(ProjectConfigurationPlatforms) = postSolution
		{C7044973-37B0-40D3-9BFA-3E15DFC3B4F4}.Debug|Any CPU.ActiveCfg = Debug|Any CPU
		{C7044973-37B0-40D3-9BFA-3E15DFC3B4F4}.Debug|Any CPU.Build.0 = Debug|Any CPU
		{C7044973-37B0-40D3-9BFA-3E15DFC3B4F4}.Release|Any CPU.ActiveCfg = Release|Any CPU
		{C7044973-37B0-40D3-9BFA-3E15DFC3B4F4}.Release|Any CPU.Build.0 = Release|Any CPU
		{EFB1F07E-0198-4BE1-B365-331323408389}.Debug|Any CPU.ActiveCfg = Debug|Any CPU
		{EFB1F07E-0198-4BE1-B365-331323408389}.Debug|Any CPU.Build.0 = Debug|Any CPU
		{EFB1F07E-0198-4BE1-B365-331323408389}.Release|Any CPU.ActiveCfg = Release|Any CPU
		{EFB1F07E-0198-4BE1-B365-331323408389}.Release|Any CPU.Build.0 = Release|Any CPU
	EndGlobalSection
	GlobalSection(SolutionProperties) = preSolution
		HideSolutionNode = FALSE
	EndGlobalSection
EndGlobal
